// !$*UTF8*$!
{
	archiveVersion = 1;
	classes = {
	};
	objectVersion = 50;
	objects = {

/* Begin PBXBuildFile section */
		110725C724F13D0B00AF28C6 /* AppDelegate.swift in Sources */ = {isa = PBXBuildFile; fileRef = 110725C624F13D0B00AF28C6 /* AppDelegate.swift */; };
		110725C924F13D0B00AF28C6 /* SceneDelegate.swift in Sources */ = {isa = PBXBuildFile; fileRef = 110725C824F13D0B00AF28C6 /* SceneDelegate.swift */; };
		110725CB24F13D0B00AF28C6 /* EmojiMemoryGameView.swift in Sources */ = {isa = PBXBuildFile; fileRef = 110725CA24F13D0B00AF28C6 /* EmojiMemoryGameView.swift */; };
		110725CD24F13D1200AF28C6 /* Assets.xcassets in Resources */ = {isa = PBXBuildFile; fileRef = 110725CC24F13D1200AF28C6 /* Assets.xcassets */; };
		110725D024F13D1200AF28C6 /* Preview Assets.xcassets in Resources */ = {isa = PBXBuildFile; fileRef = 110725CF24F13D1200AF28C6 /* Preview Assets.xcassets */; };
		110725D324F13D1200AF28C6 /* LaunchScreen.storyboard in Resources */ = {isa = PBXBuildFile; fileRef = 110725D124F13D1200AF28C6 /* LaunchScreen.storyboard */; };
		110725DD24F188E900AF28C6 /* MemoryGame.swift in Sources */ = {isa = PBXBuildFile; fileRef = 110725DC24F188E900AF28C6 /* MemoryGame.swift */; };
		110725DF24F18BCE00AF28C6 /* EmojMemoryGame.swift in Sources */ = {isa = PBXBuildFile; fileRef = 110725DE24F18BCE00AF28C6 /* EmojMemoryGame.swift */; };
		114FE65224F3EE8700D4D0B7 /* ThemesView.swift in Sources */ = {isa = PBXBuildFile; fileRef = 114FE65124F3EE8700D4D0B7 /* ThemesView.swift */; };
		114FE65424F5110E00D4D0B7 /* CardView.swift in Sources */ = {isa = PBXBuildFile; fileRef = 114FE65324F5110E00D4D0B7 /* CardView.swift */; };
		114FE65624F5152700D4D0B7 /* ListItemView.swift in Sources */ = {isa = PBXBuildFile; fileRef = 114FE65524F5152700D4D0B7 /* ListItemView.swift */; };
		118CCB4A24F2CA5700A96DC4 /* Grid.swift in Sources */ = {isa = PBXBuildFile; fileRef = 118CCB4924F2CA5700A96DC4 /* Grid.swift */; };
		118CCB4C24F2D50100A96DC4 /* GridLayout.swift in Sources */ = {isa = PBXBuildFile; fileRef = 118CCB4B24F2D50100A96DC4 /* GridLayout.swift */; };
		118CCB4E24F2D95F00A96DC4 /* Array+Identifiable .swift in Sources */ = {isa = PBXBuildFile; fileRef = 118CCB4D24F2D95F00A96DC4 /* Array+Identifiable .swift */; };
		118CCB5024F2F18000A96DC4 /* Array+Only.swift in Sources */ = {isa = PBXBuildFile; fileRef = 118CCB4F24F2F18000A96DC4 /* Array+Only.swift */; };
		119997F524F55AF900DB1559 /* FlagMemoryGame.swift in Sources */ = {isa = PBXBuildFile; fileRef = 119997F424F55AF900DB1559 /* FlagMemoryGame.swift */; };
		119997F724F55C0000DB1559 /* FlagMemoryGameView.swift in Sources */ = {isa = PBXBuildFile; fileRef = 119997F624F55C0000DB1559 /* FlagMemoryGameView.swift */; };
		119997FA24F5642300DB1559 /* Pie.swift in Sources */ = {isa = PBXBuildFile; fileRef = 119997F924F5642300DB1559 /* Pie.swift */; };
		119997FC24F5707900DB1559 /* Cardify.swift in Sources */ = {isa = PBXBuildFile; fileRef = 119997FB24F5707900DB1559 /* Cardify.swift */; };
/* End PBXBuildFile section */

/* Begin PBXFileReference section */
		110725C324F13D0B00AF28C6 /* Memorize.app */ = {isa = PBXFileReference; explicitFileType = wrapper.application; includeInIndex = 0; path = Memorize.app; sourceTree = BUILT_PRODUCTS_DIR; };
		110725C624F13D0B00AF28C6 /* AppDelegate.swift */ = {isa = PBXFileReference; lastKnownFileType = sourcecode.swift; path = AppDelegate.swift; sourceTree = "<group>"; };
		110725C824F13D0B00AF28C6 /* SceneDelegate.swift */ = {isa = PBXFileReference; lastKnownFileType = sourcecode.swift; path = SceneDelegate.swift; sourceTree = "<group>"; };
		110725CA24F13D0B00AF28C6 /* EmojiMemoryGameView.swift */ = {isa = PBXFileReference; lastKnownFileType = sourcecode.swift; path = EmojiMemoryGameView.swift; sourceTree = "<group>"; };
		110725CC24F13D1200AF28C6 /* Assets.xcassets */ = {isa = PBXFileReference; lastKnownFileType = folder.assetcatalog; path = Assets.xcassets; sourceTree = "<group>"; };
		110725CF24F13D1200AF28C6 /* Preview Assets.xcassets */ = {isa = PBXFileReference; lastKnownFileType = folder.assetcatalog; path = "Preview Assets.xcassets"; sourceTree = "<group>"; };
		110725D224F13D1200AF28C6 /* Base */ = {isa = PBXFileReference; lastKnownFileType = file.storyboard; name = Base; path = Base.lproj/LaunchScreen.storyboard; sourceTree = "<group>"; };
		110725D424F13D1200AF28C6 /* Info.plist */ = {isa = PBXFileReference; lastKnownFileType = text.plist.xml; path = Info.plist; sourceTree = "<group>"; };
		110725DC24F188E900AF28C6 /* MemoryGame.swift */ = {isa = PBXFileReference; lastKnownFileType = sourcecode.swift; path = MemoryGame.swift; sourceTree = "<group>"; };
		110725DE24F18BCE00AF28C6 /* EmojMemoryGame.swift */ = {isa = PBXFileReference; lastKnownFileType = sourcecode.swift; path = EmojMemoryGame.swift; sourceTree = "<group>"; };
		114FE65124F3EE8700D4D0B7 /* ThemesView.swift */ = {isa = PBXFileReference; lastKnownFileType = sourcecode.swift; path = ThemesView.swift; sourceTree = "<group>"; };
		114FE65324F5110E00D4D0B7 /* CardView.swift */ = {isa = PBXFileReference; lastKnownFileType = sourcecode.swift; path = CardView.swift; sourceTree = "<group>"; };
		114FE65524F5152700D4D0B7 /* ListItemView.swift */ = {isa = PBXFileReference; lastKnownFileType = sourcecode.swift; path = ListItemView.swift; sourceTree = "<group>"; };
		118CCB4924F2CA5700A96DC4 /* Grid.swift */ = {isa = PBXFileReference; lastKnownFileType = sourcecode.swift; path = Grid.swift; sourceTree = "<group>"; };
		118CCB4B24F2D50100A96DC4 /* GridLayout.swift */ = {isa = PBXFileReference; fileEncoding = 4; lastKnownFileType = sourcecode.swift; path = GridLayout.swift; sourceTree = "<group>"; };
		118CCB4D24F2D95F00A96DC4 /* Array+Identifiable .swift */ = {isa = PBXFileReference; lastKnownFileType = sourcecode.swift; path = "Array+Identifiable .swift"; sourceTree = "<group>"; };
		118CCB4F24F2F18000A96DC4 /* Array+Only.swift */ = {isa = PBXFileReference; lastKnownFileType = sourcecode.swift; path = "Array+Only.swift"; sourceTree = "<group>"; };
		119997F424F55AF900DB1559 /* FlagMemoryGame.swift */ = {isa = PBXFileReference; lastKnownFileType = sourcecode.swift; path = FlagMemoryGame.swift; sourceTree = "<group>"; };
		119997F624F55C0000DB1559 /* FlagMemoryGameView.swift */ = {isa = PBXFileReference; lastKnownFileType = sourcecode.swift; path = FlagMemoryGameView.swift; sourceTree = "<group>"; };
		119997F924F5642300DB1559 /* Pie.swift */ = {isa = PBXFileReference; lastKnownFileType = sourcecode.swift; path = Pie.swift; sourceTree = "<group>"; };
		119997FB24F5707900DB1559 /* Cardify.swift */ = {isa = PBXFileReference; lastKnownFileType = sourcecode.swift; path = Cardify.swift; sourceTree = "<group>"; };
/* End PBXFileReference section */

/* Begin PBXFrameworksBuildPhase section */
		110725C024F13D0B00AF28C6 /* Frameworks */ = {
			isa = PBXFrameworksBuildPhase;
			buildActionMask = 2147483647;
			files = (
			);
			runOnlyForDeploymentPostprocessing = 0;
		};
/* End PBXFrameworksBuildPhase section */

/* Begin PBXGroup section */
		110725BA24F13D0A00AF28C6 = {
			isa = PBXGroup;
			children = (
				110725C524F13D0B00AF28C6 /* Memorize */,
				110725C424F13D0B00AF28C6 /* Products */,
			);
			sourceTree = "<group>";
		};
		110725C424F13D0B00AF28C6 /* Products */ = {
			isa = PBXGroup;
			children = (
				110725C324F13D0B00AF28C6 /* Memorize.app */,
			);
			name = Products;
			sourceTree = "<group>";
		};
		110725C524F13D0B00AF28C6 /* Memorize */ = {
			isa = PBXGroup;
			children = (
				110725C624F13D0B00AF28C6 /* AppDelegate.swift */,
				110725C824F13D0B00AF28C6 /* SceneDelegate.swift */,
				118CCB5424F2F44000A96DC4 /* View */,
				118CCB5324F2F3CB00A96DC4 /* ViewModel */,
				118CCB5224F2F3C000A96DC4 /* Model */,
				118CCB5124F2F3A500A96DC4 /* Extensions */,
				110725CC24F13D1200AF28C6 /* Assets.xcassets */,
				110725D124F13D1200AF28C6 /* LaunchScreen.storyboard */,
				110725D424F13D1200AF28C6 /* Info.plist */,
				110725CE24F13D1200AF28C6 /* Preview Content */,
			);
			path = Memorize;
			sourceTree = "<group>";
		};
		110725CE24F13D1200AF28C6 /* Preview Content */ = {
			isa = PBXGroup;
			children = (
				110725CF24F13D1200AF28C6 /* Preview Assets.xcassets */,
			);
			path = "Preview Content";
			sourceTree = "<group>";
		};
		114FE65724F5155500D4D0B7 /* Main */ = {
			isa = PBXGroup;
			children = (
				114FE65124F3EE8700D4D0B7 /* ThemesView.swift */,
				114FE65524F5152700D4D0B7 /* ListItemView.swift */,
			);
			path = Main;
			sourceTree = "<group>";
		};
		114FE65824F5156600D4D0B7 /* Game */ = {
			isa = PBXGroup;
			children = (
				119997F824F55C0A00DB1559 /* GameTypes */,
				114FE65324F5110E00D4D0B7 /* CardView.swift */,
				118CCB4924F2CA5700A96DC4 /* Grid.swift */,
				118CCB4B24F2D50100A96DC4 /* GridLayout.swift */,
				119997F924F5642300DB1559 /* Pie.swift */,
				119997FB24F5707900DB1559 /* Cardify.swift */,
			);
			path = Game;
			sourceTree = "<group>";
		};
		118CCB5124F2F3A500A96DC4 /* Extensions */ = {
			isa = PBXGroup;
			children = (
				118CCB4F24F2F18000A96DC4 /* Array+Only.swift */,
				118CCB4D24F2D95F00A96DC4 /* Array+Identifiable .swift */,
			);
			path = Extensions;
			sourceTree = "<group>";
		};
		118CCB5224F2F3C000A96DC4 /* Model */ = {
			isa = PBXGroup;
			children = (
				110725DC24F188E900AF28C6 /* MemoryGame.swift */,
			);
			path = Model;
			sourceTree = "<group>";
		};
		118CCB5324F2F3CB00A96DC4 /* ViewModel */ = {
			isa = PBXGroup;
			children = (
				110725DE24F18BCE00AF28C6 /* EmojMemoryGame.swift */,
				119997F424F55AF900DB1559 /* FlagMemoryGame.swift */,
			);
			path = ViewModel;
			sourceTree = "<group>";
		};
		118CCB5424F2F44000A96DC4 /* View */ = {
			isa = PBXGroup;
			children = (
				114FE65724F5155500D4D0B7 /* Main */,
				114FE65824F5156600D4D0B7 /* Game */,
			);
			path = View;
			sourceTree = "<group>";
		};
		119997F824F55C0A00DB1559 /* GameTypes */ = {
			isa = PBXGroup;
			children = (
				110725CA24F13D0B00AF28C6 /* EmojiMemoryGameView.swift */,
				119997F624F55C0000DB1559 /* FlagMemoryGameView.swift */,
			);
			path = GameTypes;
			sourceTree = "<group>";
		};
/* End PBXGroup section */

/* Begin PBXNativeTarget section */
		110725C224F13D0B00AF28C6 /* Memorize */ = {
			isa = PBXNativeTarget;
			buildConfigurationList = 110725D724F13D1200AF28C6 /* Build configuration list for PBXNativeTarget "Memorize" */;
			buildPhases = (
				110725BF24F13D0B00AF28C6 /* Sources */,
				110725C024F13D0B00AF28C6 /* Frameworks */,
				110725C124F13D0B00AF28C6 /* Resources */,
			);
			buildRules = (
			);
			dependencies = (
			);
			name = Memorize;
			productName = Memorize;
			productReference = 110725C324F13D0B00AF28C6 /* Memorize.app */;
			productType = "com.apple.product-type.application";
		};
/* End PBXNativeTarget section */

/* Begin PBXProject section */
		110725BB24F13D0A00AF28C6 /* Project object */ = {
			isa = PBXProject;
			attributes = {
				LastSwiftUpdateCheck = 1160;
				LastUpgradeCheck = 1160;
				ORGANIZATIONNAME = "Nikita Glushchenko";
				TargetAttributes = {
					110725C224F13D0B00AF28C6 = {
						CreatedOnToolsVersion = 11.6;
					};
				};
			};
			buildConfigurationList = 110725BE24F13D0A00AF28C6 /* Build configuration list for PBXProject "Memorize" */;
			compatibilityVersion = "Xcode 9.3";
			developmentRegion = en;
			hasScannedForEncodings = 0;
			knownRegions = (
				en,
				Base,
			);
			mainGroup = 110725BA24F13D0A00AF28C6;
			productRefGroup = 110725C424F13D0B00AF28C6 /* Products */;
			projectDirPath = "";
			projectRoot = "";
			targets = (
				110725C224F13D0B00AF28C6 /* Memorize */,
			);
		};
/* End PBXProject section */

/* Begin PBXResourcesBuildPhase section */
		110725C124F13D0B00AF28C6 /* Resources */ = {
			isa = PBXResourcesBuildPhase;
			buildActionMask = 2147483647;
			files = (
				110725D324F13D1200AF28C6 /* LaunchScreen.storyboard in Resources */,
				110725D024F13D1200AF28C6 /* Preview Assets.xcassets in Resources */,
				110725CD24F13D1200AF28C6 /* Assets.xcassets in Resources */,
			);
			runOnlyForDeploymentPostprocessing = 0;
		};
/* End PBXResourcesBuildPhase section */

/* Begin PBXSourcesBuildPhase section */
		110725BF24F13D0B00AF28C6 /* Sources */ = {
			isa = PBXSourcesBuildPhase;
			buildActionMask = 2147483647;
			files = (
				119997FA24F5642300DB1559 /* Pie.swift in Sources */,
				114FE65224F3EE8700D4D0B7 /* ThemesView.swift in Sources */,
				110725C724F13D0B00AF28C6 /* AppDelegate.swift in Sources */,
				110725C924F13D0B00AF28C6 /* SceneDelegate.swift in Sources */,
				114FE65624F5152700D4D0B7 /* ListItemView.swift in Sources */,
				110725DD24F188E900AF28C6 /* MemoryGame.swift in Sources */,
				118CCB5024F2F18000A96DC4 /* Array+Only.swift in Sources */,
				110725CB24F13D0B00AF28C6 /* EmojiMemoryGameView.swift in Sources */,
				110725DF24F18BCE00AF28C6 /* EmojMemoryGame.swift in Sources */,
				119997F524F55AF900DB1559 /* FlagMemoryGame.swift in Sources */,
				119997FC24F5707900DB1559 /* Cardify.swift in Sources */,
				119997F724F55C0000DB1559 /* FlagMemoryGameView.swift in Sources */,
				118CCB4C24F2D50100A96DC4 /* GridLayout.swift in Sources */,
				118CCB4E24F2D95F00A96DC4 /* Array+Identifiable .swift in Sources */,
				114FE65424F5110E00D4D0B7 /* CardView.swift in Sources */,
				118CCB4A24F2CA5700A96DC4 /* Grid.swift in Sources */,
			);
			runOnlyForDeploymentPostprocessing = 0;
		};
/* End PBXSourcesBuildPhase section */

/* Begin PBXVariantGroup section */
		110725D124F13D1200AF28C6 /* LaunchScreen.storyboard */ = {
			isa = PBXVariantGroup;
			children = (
				110725D224F13D1200AF28C6 /* Base */,
			);
			name = LaunchScreen.storyboard;
			sourceTree = "<group>";
		};
/* End PBXVariantGroup section */

/* Begin XCBuildConfiguration section */
		110725D524F13D1200AF28C6 /* Debug */ = {
			isa = XCBuildConfiguration;
			buildSettings = {
				ALWAYS_SEARCH_USER_PATHS = NO;
				CLANG_ANALYZER_NONNULL = YES;
				CLANG_ANALYZER_NUMBER_OBJECT_CONVERSION = YES_AGGRESSIVE;
				CLANG_CXX_LANGUAGE_STANDARD = "gnu++14";
				CLANG_CXX_LIBRARY = "libc++";
				CLANG_ENABLE_MODULES = YES;
				CLANG_ENABLE_OBJC_ARC = YES;
				CLANG_ENABLE_OBJC_WEAK = YES;
				CLANG_WARN_BLOCK_CAPTURE_AUTORELEASING = YES;
				CLANG_WARN_BOOL_CONVERSION = YES;
				CLANG_WARN_COMMA = YES;
				CLANG_WARN_CONSTANT_CONVERSION = YES;
				CLANG_WARN_DEPRECATED_OBJC_IMPLEMENTATIONS = YES;
				CLANG_WARN_DIRECT_OBJC_ISA_USAGE = YES_ERROR;
				CLANG_WARN_DOCUMENTATION_COMMENTS = YES;
				CLANG_WARN_EMPTY_BODY = YES;
				CLANG_WARN_ENUM_CONVERSION = YES;
				CLANG_WARN_INFINITE_RECURSION = YES;
				CLANG_WARN_INT_CONVERSION = YES;
				CLANG_WARN_NON_LITERAL_NULL_CONVERSION = YES;
				CLANG_WARN_OBJC_IMPLICIT_RETAIN_SELF = YES;
				CLANG_WARN_OBJC_LITERAL_CONVERSION = YES;
				CLANG_WARN_OBJC_ROOT_CLASS = YES_ERROR;
				CLANG_WARN_RANGE_LOOP_ANALYSIS = YES;
				CLANG_WARN_STRICT_PROTOTYPES = YES;
				CLANG_WARN_SUSPICIOUS_MOVE = YES;
				CLANG_WARN_UNGUARDED_AVAILABILITY = YES_AGGRESSIVE;
				CLANG_WARN_UNREACHABLE_CODE = YES;
				CLANG_WARN__DUPLICATE_METHOD_MATCH = YES;
				COPY_PHASE_STRIP = NO;
				DEBUG_INFORMATION_FORMAT = dwarf;
				ENABLE_STRICT_OBJC_MSGSEND = YES;
				ENABLE_TESTABILITY = YES;
				GCC_C_LANGUAGE_STANDARD = gnu11;
				GCC_DYNAMIC_NO_PIC = NO;
				GCC_NO_COMMON_BLOCKS = YES;
				GCC_OPTIMIZATION_LEVEL = 0;
				GCC_PREPROCESSOR_DEFINITIONS = (
					"DEBUG=1",
					"$(inherited)",
				);
				GCC_WARN_64_TO_32_BIT_CONVERSION = YES;
				GCC_WARN_ABOUT_RETURN_TYPE = YES_ERROR;
				GCC_WARN_UNDECLARED_SELECTOR = YES;
				GCC_WARN_UNINITIALIZED_AUTOS = YES_AGGRESSIVE;
				GCC_WARN_UNUSED_FUNCTION = YES;
				GCC_WARN_UNUSED_VARIABLE = YES;
				IPHONEOS_DEPLOYMENT_TARGET = 13.6;
				MTL_ENABLE_DEBUG_INFO = INCLUDE_SOURCE;
				MTL_FAST_MATH = YES;
				ONLY_ACTIVE_ARCH = YES;
				SDKROOT = iphoneos;
				SWIFT_ACTIVE_COMPILATION_CONDITIONS = DEBUG;
				SWIFT_OPTIMIZATION_LEVEL = "-Onone";
			};
			name = Debug;
		};
		110725D624F13D1200AF28C6 /* Release */ = {
			isa = XCBuildConfiguration;
			buildSettings = {
				ALWAYS_SEARCH_USER_PATHS = NO;
				CLANG_ANALYZER_NONNULL = YES;
				CLANG_ANALYZER_NUMBER_OBJECT_CONVERSION = YES_AGGRESSIVE;
				CLANG_CXX_LANGUAGE_STANDARD = "gnu++14";
				CLANG_CXX_LIBRARY = "libc++";
				CLANG_ENABLE_MODULES = YES;
				CLANG_ENABLE_OBJC_ARC = YES;
				CLANG_ENABLE_OBJC_WEAK = YES;
				CLANG_WARN_BLOCK_CAPTURE_AUTORELEASING = YES;
				CLANG_WARN_BOOL_CONVERSION = YES;
				CLANG_WARN_COMMA = YES;
				CLANG_WARN_CONSTANT_CONVERSION = YES;
				CLANG_WARN_DEPRECATED_OBJC_IMPLEMENTATIONS = YES;
				CLANG_WARN_DIRECT_OBJC_ISA_USAGE = YES_ERROR;
				CLANG_WARN_DOCUMENTATION_COMMENTS = YES;
				CLANG_WARN_EMPTY_BODY = YES;
				CLANG_WARN_ENUM_CONVERSION = YES;
				CLANG_WARN_INFINITE_RECURSION = YES;
				CLANG_WARN_INT_CONVERSION = YES;
				CLANG_WARN_NON_LITERAL_NULL_CONVERSION = YES;
				CLANG_WARN_OBJC_IMPLICIT_RETAIN_SELF = YES;
				CLANG_WARN_OBJC_LITERAL_CONVERSION = YES;
				CLANG_WARN_OBJC_ROOT_CLASS = YES_ERROR;
				CLANG_WARN_RANGE_LOOP_ANALYSIS = YES;
				CLANG_WARN_STRICT_PROTOTYPES = YES;
				CLANG_WARN_SUSPICIOUS_MOVE = YES;
				CLANG_WARN_UNGUARDED_AVAILABILITY = YES_AGGRESSIVE;
				CLANG_WARN_UNREACHABLE_CODE = YES;
				CLANG_WARN__DUPLICATE_METHOD_MATCH = YES;
				COPY_PHASE_STRIP = NO;
				DEBUG_INFORMATION_FORMAT = "dwarf-with-dsym";
				ENABLE_NS_ASSERTIONS = NO;
				ENABLE_STRICT_OBJC_MSGSEND = YES;
				GCC_C_LANGUAGE_STANDARD = gnu11;
				GCC_NO_COMMON_BLOCKS = YES;
				GCC_WARN_64_TO_32_BIT_CONVERSION = YES;
				GCC_WARN_ABOUT_RETURN_TYPE = YES_ERROR;
				GCC_WARN_UNDECLARED_SELECTOR = YES;
				GCC_WARN_UNINITIALIZED_AUTOS = YES_AGGRESSIVE;
				GCC_WARN_UNUSED_FUNCTION = YES;
				GCC_WARN_UNUSED_VARIABLE = YES;
				IPHONEOS_DEPLOYMENT_TARGET = 13.6;
				MTL_ENABLE_DEBUG_INFO = NO;
				MTL_FAST_MATH = YES;
				SDKROOT = iphoneos;
				SWIFT_COMPILATION_MODE = wholemodule;
				SWIFT_OPTIMIZATION_LEVEL = "-O";
				VALIDATE_PRODUCT = YES;
			};
			name = Release;
		};
		110725D824F13D1200AF28C6 /* Debug */ = {
			isa = XCBuildConfiguration;
			buildSettings = {
				ASSETCATALOG_COMPILER_APPICON_NAME = AppIcon;
				CODE_SIGN_STYLE = Automatic;
				DEVELOPMENT_ASSET_PATHS = "\"Memorize/Preview Content\"";
				DEVELOPMENT_TEAM = SV29KXS645;
				ENABLE_PREVIEWS = YES;
				INFOPLIST_FILE = Memorize/Info.plist;
				LD_RUNPATH_SEARCH_PATHS = (
					"$(inherited)",
					"@executable_path/Frameworks",
				);
				PRODUCT_BUNDLE_IDENTIFIER = glushchenko.nikita.Memorize;
				PRODUCT_NAME = "$(TARGET_NAME)";
				SWIFT_VERSION = 5.0;
				TARGETED_DEVICE_FAMILY = "1,2";
			};
			name = Debug;
		};
		110725D924F13D1200AF28C6 /* Release */ = {
			isa = XCBuildConfiguration;
			buildSettings = {
				ASSETCATALOG_COMPILER_APPICON_NAME = AppIcon;
				CODE_SIGN_STYLE = Automatic;
				DEVELOPMENT_ASSET_PATHS = "\"Memorize/Preview Content\"";
				DEVELOPMENT_TEAM = SV29KXS645;
				ENABLE_PREVIEWS = YES;
				INFOPLIST_FILE = Memorize/Info.plist;
				LD_RUNPATH_SEARCH_PATHS = (
					"$(inherited)",
					"@executable_path/Frameworks",
				);
				PRODUCT_BUNDLE_IDENTIFIER = glushchenko.nikita.Memorize;
				PRODUCT_NAME = "$(TARGET_NAME)";
				SWIFT_VERSION = 5.0;
				TARGETED_DEVICE_FAMILY = "1,2";
			};
			name = Release;
		};
/* End XCBuildConfiguration section */

/* Begin XCConfigurationList section */
		110725BE24F13D0A00AF28C6 /* Build configuration list for PBXProject "Memorize" */ = {
			isa = XCConfigurationList;
			buildConfigurations = (
				110725D524F13D1200AF28C6 /* Debug */,
				110725D624F13D1200AF28C6 /* Release */,
			);
			defaultConfigurationIsVisible = 0;
			defaultConfigurationName = Release;
		};
		110725D724F13D1200AF28C6 /* Build configuration list for PBXNativeTarget "Memorize" */ = {
			isa = XCConfigurationList;
			buildConfigurations = (
				110725D824F13D1200AF28C6 /* Debug */,
				110725D924F13D1200AF28C6 /* Release */,
			);
			defaultConfigurationIsVisible = 0;
			defaultConfigurationName = Release;
		};
/* End XCConfigurationList section */
	};
	rootObject = 110725BB24F13D0A00AF28C6 /* Project object */;
}
